
Microsoft Visual Studio Solution File, Format Version 12.00
# Visual Studio Version 16
VisualStudioVersion = 16.0.29230.47
MinimumVisualStudioVersion = 10.0.40219.1
Project("{FAE04EC0-301F-11D3-BF4B-00C04F79EFBC}") = "MustDoIt", "MustDoIt\MustDoIt.csproj", "{134082BC-2E51-4A01-BF1D-EAAA05B6A9D7}"
EndProject
Global
	GlobalSection(SolutionConfigurationPlatforms) = preSolution
		Debug|Any CPU = Debug|Any CPU
		Release|Any CPU = Release|Any CPU
	EndGlobalSection
	GlobalSection(ProjectConfigurationPlatforms) = postSolution
		{134082BC-2E51-4A01-BF1D-EAAA05B6A9D7}.Debug|Any CPU.ActiveCfg = Debug|Any CPU
		{134082BC-2E51-4A01-BF1D-EAAA05B6A9D7}.Debug|Any CPU.Build.0 = Debug|Any CPU
		{134082BC-2E51-4A01-BF1D-EAAA05B6A9D7}.Release|Any CPU.ActiveCfg = Release|Any CPU
		{134082BC-2E51-4A01-BF1D-EAAA05B6A9D7}.Release|Any CPU.Build.0 = Release|Any CPU
	EndGlobalSection
	GlobalSection(SolutionProperties) = preSolution
		HideSolutionNode = FALSE
	EndGlobalSection
	GlobalSection(ExtensibilityGlobals) = postSolution
		SolutionGuid = {C9EA48D4-5218-41F5-BAC9-DF2F154DCD72}
	EndGlobalSection
EndGlobal
